
Microsoft Visual Studio Solution File, Format Version 12.00
# Visual Studio Version 16
VisualStudioVersion = 16.0.29806.167
MinimumVisualStudioVersion = 10.0.40219.1
Project("{FAE04EC0-301F-11D3-BF4B-00C04F79EFBC}") = "Bai3-ThaoTacSo", "Bai3\Bai3-ThaoTacSo.csproj", "{7AB9293A-841B-49CD-A8C1-49A7BBB90676}"
EndProject
Global
	GlobalSection(SolutionConfigurationPlatforms) = preSolution
		Debug|Any CPU = Debug|Any CPU
		Release|Any CPU = Release|Any CPU
	EndGlobalSection
	GlobalSection(ProjectConfigurationPlatforms) = postSolution
		{7AB9293A-841B-49CD-A8C1-49A7BBB90676}.Debug|Any CPU.ActiveCfg = Debug|Any CPU
		{7AB9293A-841B-49CD-A8C1-49A7BBB90676}.Debug|Any CPU.Build.0 = Debug|Any CPU
		{7AB9293A-841B-49CD-A8C1-49A7BBB90676}.Release|Any CPU.ActiveCfg = Release|Any CPU
		{7AB9293A-841B-49CD-A8C1-49A7BBB90676}.Release|Any CPU.Build.0 = Release|Any CPU
	EndGlobalSection
	GlobalSection(SolutionProperties) = preSolution
		HideSolutionNode = FALSE
	EndGlobalSection
	GlobalSection(ExtensibilityGlobals) = postSolution
		SolutionGuid = {60DD0666-B801-48A2-8139-545F55B5ACCB}
	EndGlobalSection
EndGlobal
